
Microsoft Visual Studio Solution File, Format Version 12.00
# Visual Studio 15
VisualStudioVersion = 15.0.27428.2037
MinimumVisualStudioVersion = 10.0.40219.1
Project("{FAE04EC0-301F-11D3-BF4B-00C04F79EFBC}") = "TestApp", "TestApp\TestApp.csproj", "{8D9A4592-25A8-413E-9C6D-560A7C26557C}"
EndProject
Project("{FAE04EC0-301F-11D3-BF4B-00C04F79EFBC}") = "NotificationExtension", "NotificationExtension\NotificationExtension.csproj", "{5C25D6CB-6FB8-4C30-A4EC-0A6235D6FF54}"
EndProject
Project("{FAE04EC0-301F-11D3-BF4B-00C04F79EFBC}") = "MessageExtension", "MessageExtension\MessageExtension.csproj", "{C3CB6E46-B746-43D4-909D-4FC1579C4499}"
EndProject
Global
	GlobalSection(SolutionConfigurationPlatforms) = preSolution
		Debug|iPhone = Debug|iPhone
		Debug|iPhoneSimulator = Debug|iPhoneSimulator
		Release|iPhone = Release|iPhone
		Release|iPhoneSimulator = Release|iPhoneSimulator
	EndGlobalSection
	GlobalSection(ProjectConfigurationPlatforms) = postSolution
		{8D9A4592-25A8-413E-9C6D-560A7C26557C}.Debug|iPhone.ActiveCfg = Debug|iPhone
		{8D9A4592-25A8-413E-9C6D-560A7C26557C}.Debug|iPhone.Build.0 = Debug|iPhone
		{8D9A4592-25A8-413E-9C6D-560A7C26557C}.Debug|iPhoneSimulator.ActiveCfg = Debug|iPhoneSimulator
		{8D9A4592-25A8-413E-9C6D-560A7C26557C}.Debug|iPhoneSimulator.Build.0 = Debug|iPhoneSimulator
		{8D9A4592-25A8-413E-9C6D-560A7C26557C}.Release|iPhone.ActiveCfg = Release|iPhone
		{8D9A4592-25A8-413E-9C6D-560A7C26557C}.Release|iPhone.Build.0 = Release|iPhone
		{8D9A4592-25A8-413E-9C6D-560A7C26557C}.Release|iPhoneSimulator.ActiveCfg = Release|iPhoneSimulator
		{8D9A4592-25A8-413E-9C6D-560A7C26557C}.Release|iPhoneSimulator.Build.0 = Release|iPhoneSimulator
		{5C25D6CB-6FB8-4C30-A4EC-0A6235D6FF54}.Debug|iPhone.ActiveCfg = Debug|iPhone
		{5C25D6CB-6FB8-4C30-A4EC-0A6235D6FF54}.Debug|iPhone.Build.0 = Debug|iPhone
		{5C25D6CB-6FB8-4C30-A4EC-0A6235D6FF54}.Debug|iPhoneSimulator.ActiveCfg = Debug|iPhoneSimulator
		{5C25D6CB-6FB8-4C30-A4EC-0A6235D6FF54}.Debug|iPhoneSimulator.Build.0 = Debug|iPhoneSimulator
		{5C25D6CB-6FB8-4C30-A4EC-0A6235D6FF54}.Release|iPhone.ActiveCfg = Release|iPhone
		{5C25D6CB-6FB8-4C30-A4EC-0A6235D6FF54}.Release|iPhone.Build.0 = Release|iPhone
		{5C25D6CB-6FB8-4C30-A4EC-0A6235D6FF54}.Release|iPhoneSimulator.ActiveCfg = Release|iPhoneSimulator
		{5C25D6CB-6FB8-4C30-A4EC-0A6235D6FF54}.Release|iPhoneSimulator.Build.0 = Release|iPhoneSimulator
		{C3CB6E46-B746-43D4-909D-4FC1579C4499}.Debug|iPhone.ActiveCfg = Debug|iPhone
		{C3CB6E46-B746-43D4-909D-4FC1579C4499}.Debug|iPhone.Build.0 = Debug|iPhone
		{C3CB6E46-B746-43D4-909D-4FC1579C4499}.Debug|iPhoneSimulator.ActiveCfg = Debug|iPhoneSimulator
		{C3CB6E46-B746-43D4-909D-4FC1579C4499}.Debug|iPhoneSimulator.Build.0 = Debug|iPhoneSimulator
		{C3CB6E46-B746-43D4-909D-4FC1579C4499}.Release|iPhone.ActiveCfg = Release|iPhone
		{C3CB6E46-B746-43D4-909D-4FC1579C4499}.Release|iPhone.Build.0 = Release|iPhone
		{C3CB6E46-B746-43D4-909D-4FC1579C4499}.Release|iPhoneSimulator.ActiveCfg = Release|iPhoneSimulator
		{C3CB6E46-B746-43D4-909D-4FC1579C4499}.Release|iPhoneSimulator.Build.0 = Release|iPhoneSimulator
	EndGlobalSection
	GlobalSection(SolutionProperties) = preSolution
		HideSolutionNode = FALSE
	EndGlobalSection
	GlobalSection(ExtensibilityGlobals) = postSolution
		SolutionGuid = {93322C84-6762-408E-A207-9711A6BFF0D9}
	EndGlobalSection
EndGlobal
